
Microsoft Visual Studio Solution File, Format Version 12.00
# Visual Studio Version 17
VisualStudioVersion = 17.3.32922.545
MinimumVisualStudioVersion = 10.0.40219.1
Project("{8BC9CEB8-8B4A-11D0-8D11-00A0C91BC942}") = "RC4", "RC4\RC4.vcxproj", "{A79CF762-0AB7-4DDE-AD01-4F9341762E9E}"
EndProject
Global
	GlobalSection(SolutionConfigurationPlatforms) = preSolution
		Debug|x64 = Debug|x64
		Debug|x86 = Debug|x86
		Release|x64 = Release|x64
		Release|x86 = Release|x86
	EndGlobalSection
	GlobalSection(ProjectConfigurationPlatforms) = postSolution
		{A79CF762-0AB7-4DDE-AD01-4F9341762E9E}.Debug|x64.ActiveCfg = Debug|x64
		{A79CF762-0AB7-4DDE-AD01-4F9341762E9E}.Debug|x64.Build.0 = Debug|x64
		{A79CF762-0AB7-4DDE-AD01-4F9341762E9E}.Debug|x86.ActiveCfg = Debug|Win32
		{A79CF762-0AB7-4DDE-AD01-4F9341762E9E}.Debug|x86.Build.0 = Debug|Win32
		{A79CF762-0AB7-4DDE-AD01-4F9341762E9E}.Release|x64.ActiveCfg = Release|x64
		{A79CF762-0AB7-4DDE-AD01-4F9341762E9E}.Release|x64.Build.0 = Release|x64
		{A79CF762-0AB7-4DDE-AD01-4F9341762E9E}.Release|x86.ActiveCfg = Release|Win32
		{A79CF762-0AB7-4DDE-AD01-4F9341762E9E}.Release|x86.Build.0 = Release|Win32
	EndGlobalSection
	GlobalSection(SolutionProperties) = preSolution
		HideSolutionNode = FALSE
	EndGlobalSection
	GlobalSection(ExtensibilityGlobals) = postSolution
		SolutionGuid = {9C43AB50-4D2A-4B6C-8759-77B6A2944904}
	EndGlobalSection
EndGlobal
